
Microsoft Visual Studio Solution File, Format Version 12.00
# Visual Studio Version 17
VisualStudioVersion = 17.7.34018.315
MinimumVisualStudioVersion = 10.0.40219.1
Project("{9A19103F-16F7-4668-BE54-9A1E7A4F7556}") = "BluForTracker.Server", "Server\BluForTracker.Server.csproj", "{89513B9F-5D0F-405D-9933-80A9DF8B13EB}"
EndProject
Project("{9A19103F-16F7-4668-BE54-9A1E7A4F7556}") = "BluForTracker.Shared", "Shared\BluForTracker.Shared.csproj", "{14D2DDED-46F0-4C45-A0FF-1D2F1A6A8489}"
EndProject
Project("{9A19103F-16F7-4668-BE54-9A1E7A4F7556}") = "BluForTracker.Client.Blazor", "Blazor\BluForTracker.Client.Blazor.csproj", "{72881A59-8B29-4E75-A0C1-8AD7B3205B04}"
EndProject
Project("{9A19103F-16F7-4668-BE54-9A1E7A4F7556}") = "BluForTracker.Client.Shared", "Client\BluForTracker.Client.Shared.csproj", "{06F18EB8-3560-46FD-A196-02E8FAAE6EB6}"
EndProject
Project("{2150E333-8FDC-42A3-9474-1A3956D46DE8}") = "Solution Items", "Solution Items", "{872AE71A-8D6E-400B-A876-A607346B883D}"
	ProjectSection(SolutionItems) = preProject
		Readme.md = Readme.md
	EndProjectSection
EndProject
Global
	GlobalSection(SolutionConfigurationPlatforms) = preSolution
		Debug|Any CPU = Debug|Any CPU
		Release|Any CPU = Release|Any CPU
	EndGlobalSection
	GlobalSection(ProjectConfigurationPlatforms) = postSolution
		{89513B9F-5D0F-405D-9933-80A9DF8B13EB}.Debug|Any CPU.ActiveCfg = Debug|Any CPU
		{89513B9F-5D0F-405D-9933-80A9DF8B13EB}.Debug|Any CPU.Build.0 = Debug|Any CPU
		{89513B9F-5D0F-405D-9933-80A9DF8B13EB}.Release|Any CPU.ActiveCfg = Release|Any CPU
		{89513B9F-5D0F-405D-9933-80A9DF8B13EB}.Release|Any CPU.Build.0 = Release|Any CPU
		{14D2DDED-46F0-4C45-A0FF-1D2F1A6A8489}.Debug|Any CPU.ActiveCfg = Debug|Any CPU
		{14D2DDED-46F0-4C45-A0FF-1D2F1A6A8489}.Debug|Any CPU.Build.0 = Debug|Any CPU
		{14D2DDED-46F0-4C45-A0FF-1D2F1A6A8489}.Release|Any CPU.ActiveCfg = Release|Any CPU
		{14D2DDED-46F0-4C45-A0FF-1D2F1A6A8489}.Release|Any CPU.Build.0 = Release|Any CPU
		{72881A59-8B29-4E75-A0C1-8AD7B3205B04}.Debug|Any CPU.ActiveCfg = Debug|Any CPU
		{72881A59-8B29-4E75-A0C1-8AD7B3205B04}.Debug|Any CPU.Build.0 = Debug|Any CPU
		{72881A59-8B29-4E75-A0C1-8AD7B3205B04}.Release|Any CPU.ActiveCfg = Release|Any CPU
		{72881A59-8B29-4E75-A0C1-8AD7B3205B04}.Release|Any CPU.Build.0 = Release|Any CPU
		{06F18EB8-3560-46FD-A196-02E8FAAE6EB6}.Debug|Any CPU.ActiveCfg = Debug|Any CPU
		{06F18EB8-3560-46FD-A196-02E8FAAE6EB6}.Debug|Any CPU.Build.0 = Debug|Any CPU
		{06F18EB8-3560-46FD-A196-02E8FAAE6EB6}.Release|Any CPU.ActiveCfg = Release|Any CPU
		{06F18EB8-3560-46FD-A196-02E8FAAE6EB6}.Release|Any CPU.Build.0 = Release|Any CPU
	EndGlobalSection
	GlobalSection(SolutionProperties) = preSolution
		HideSolutionNode = FALSE
	EndGlobalSection
	GlobalSection(ExtensibilityGlobals) = postSolution
		SolutionGuid = {A49C13C1-AB07-45F5-9826-6729C600121A}
	EndGlobalSection
EndGlobal
